{
  "version": 4,
  "terraform_version": "1.2.2",
  "serial": 76,
  "lineage": "0abce44a-a807-699c-78a7-b8fd0c86315c",
  "outputs": {},
  "resources": [
    {
      "mode": "data",
      "type": "discord_color",
      "name": "marshmallow_pink",
      "provider": "provider[\"registry.terraform.io/aequasi/discord\"]",
      "instances": [
        {
          "schema_version": 0,
          "attributes": {
            "dec": 16731765,
            "hex": "#ff4e75",
            "id": "16731765",
            "rgb": null
          },
          "sensitive_attributes": []
        }
      ]
    },
    {
      "mode": "data",
      "type": "discord_color",
      "name": "terraform_colourful",
      "provider": "provider[\"registry.terraform.io/aequasi/discord\"]",
      "instances": [
        {
          "schema_version": 0,
          "attributes": {
            "dec": 3386009,
            "hex": "#33aa99",
            "id": "3386009",
            "rgb": null
          },
          "sensitive_attributes": []
        }
      ]
    },
    {
      "mode": "data",
      "type": "discord_color",
      "name": "terraform_purple",
      "provider": "provider[\"registry.terraform.io/aequasi/discord\"]",
      "instances": [
        {
          "schema_version": 0,
          "attributes": {
            "dec": 8405193,
            "hex": "#8040c9",
            "id": "8405193",
            "rgb": null
          },
          "sensitive_attributes": []
        }
      ]
    },
    {
      "mode": "data",
      "type": "discord_permission",
      "name": "basic_user",
      "provider": "provider[\"registry.terraform.io/aequasi/discord\"]",
      "instances": [
        {
          "schema_version": 0,
          "attributes": {
            "add_reactions": "unset",
            "administrator": "unset",
            "allow_bits": 265216,
            "allow_extends": null,
            "attach_files": "unset",
            "ban_members": "unset",
            "change_nickname": "unset",
            "connect": "unset",
            "create_instant_invite": "unset",
            "deafen_members": "unset",
            "deny_bits": 33554688,
            "deny_extends": null,
            "embed_links": "unset",
            "id": "4198072037",
            "kick_members": "unset",
            "manage_channels": "unset",
            "manage_emojis": "unset",
            "manage_guild": "unset",
            "manage_messages": "unset",
            "manage_nicknames": "unset",
            "manage_roles": "unset",
            "manage_webhooks": "unset",
            "mention_everyone": "unset",
            "move_members": "unset",
            "mute_members": "unset",
            "priority_speaker": "deny",
            "read_message_history": "unset",
            "send_messages": "allow",
            "send_tts_messages": "unset",
            "speak": "unset",
            "stream": "unset",
            "use_external_emojis": "allow",
            "use_vad": "deny",
            "view_audit_log": "unset",
            "view_channel": "allow",
            "view_guild_insights": "unset"
          },
          "sensitive_attributes": []
        }
      ]
    },
    {
      "mode": "managed",
      "type": "discord_category_channel",
      "name": "general",
      "provider": "provider[\"registry.terraform.io/aequasi/discord\"]",
      "instances": [
        {
          "schema_version": 0,
          "attributes": {
            "id": "984530248379031562",
            "name": "general",
            "position": 1,
            "server_id": "983673922803347516",
            "type": "category"
          },
          "sensitive_attributes": [],
          "private": "bnVsbA==",
          "dependencies": [
            "discord_server.server"
          ]
        }
      ]
    },
    {
      "mode": "managed",
      "type": "discord_member_roles",
      "name": "basic_user",
      "provider": "provider[\"registry.terraform.io/aequasi/discord\"]",
      "instances": [
        {
          "schema_version": 0,
          "attributes": {
            "id": "2465703737",
            "role": [
              {
                "has_role": true,
                "role_id": "984543614728306708"
              }
            ],
            "server_id": "983673922803347516",
            "user_id": "733740361620652062"
          },
          "sensitive_attributes": [],
          "private": "bnVsbA==",
          "dependencies": [
            "discord_role.Awesomeness",
            "discord_server.server",
            "module.add_Thelma.data.discord_member.user_by_username"
          ]
        }
      ]
    },
    {
      "mode": "managed",
      "type": "discord_role",
      "name": "Awesomeness",
      "provider": "provider[\"registry.terraform.io/aequasi/discord\"]",
      "instances": [
        {
          "schema_version": 0,
          "attributes": {
            "color": 3386009,
            "hoist": true,
            "id": "984543614728306708",
            "managed": false,
            "mentionable": true,
            "name": "Awesomeness",
            "permissions": 0,
            "position": 1,
            "server_id": "983673922803347516"
          },
          "sensitive_attributes": [],
          "private": "bnVsbA==",
          "dependencies": [
            "data.discord_color.terraform_colourful",
            "discord_server.server"
          ]
        }
      ]
    },
    {
      "mode": "managed",
      "type": "discord_role",
      "name": "basic_user_role",
      "provider": "provider[\"registry.terraform.io/aequasi/discord\"]",
      "instances": [
        {
          "schema_version": 0,
          "attributes": {
            "color": 16731765,
            "hoist": true,
            "id": "984491811378704458",
            "managed": false,
            "mentionable": true,
            "name": "Basic User",
            "permissions": 265216,
            "position": 2,
            "server_id": "983673922803347516"
          },
          "sensitive_attributes": [],
          "private": "bnVsbA==",
          "dependencies": [
            "data.discord_color.marshmallow_pink",
            "data.discord_permission.basic_user",
            "discord_server.server"
          ]
        }
      ]
    },
    {
      "mode": "managed",
      "type": "discord_role",
      "name": "moderator",
      "provider": "provider[\"registry.terraform.io/aequasi/discord\"]",
      "instances": [
        {
          "schema_version": 0,
          "attributes": {
            "color": 8405193,
            "hoist": false,
            "id": "984491775991369728",
            "managed": false,
            "mentionable": false,
            "name": "Moderator",
            "permissions": 0,
            "position": 3,
            "server_id": "983673922803347516"
          },
          "sensitive_attributes": [],
          "private": "bnVsbA==",
          "dependencies": [
            "data.discord_color.terraform_purple",
            "discord_server.server"
          ]
        }
      ]
    },
    {
      "mode": "managed",
      "type": "discord_server",
      "name": "server",
      "provider": "provider[\"registry.terraform.io/aequasi/discord\"]",
      "instances": [
        {
          "schema_version": 0,
          "attributes": {
            "afk_channel_id": null,
            "afk_timeout": 300,
            "default_message_notifications": 0,
            "explicit_content_filter": 0,
            "icon_data_uri": null,
            "icon_hash": "62b6b10c498f15b15122c7320483dafb",
            "icon_url": null,
            "id": "983673922803347516",
            "name": "Marshmallow!",
            "owner_id": null,
            "region": "us-south",
            "server_id": null,
            "splash_data_uri": null,
            "splash_hash": "",
            "splash_url": null,
            "system_channel_id": null,
            "verification_level": 0
          },
          "sensitive_attributes": [],
          "private": "bnVsbA=="
        }
      ]
    },
    {
      "mode": "managed",
      "type": "discord_text_channel",
      "name": "bed_time",
      "provider": "provider[\"registry.terraform.io/aequasi/discord\"]",
      "instances": [
        {
          "schema_version": 0,
          "attributes": {
            "category": "984530248379031562",
            "id": "984541037815021598",
            "name": "late-night-vibes",
            "nsfw": false,
            "position": 1,
            "server_id": "983673922803347516",
            "sync_perms_with_category": true,
            "topic": "",
            "type": "text"
          },
          "sensitive_attributes": [],
          "private": "bnVsbA==",
          "dependencies": [
            "discord_category_channel.general",
            "discord_server.server"
          ]
        }
      ]
    },
    {
      "mode": "managed",
      "type": "discord_text_channel",
      "name": "hope-this-works",
      "provider": "provider[\"registry.terraform.io/aequasi/discord\"]",
      "instances": [
        {
          "schema_version": 0,
          "attributes": {
            "category": "984530248379031562",
            "id": "984541755112304661",
            "name": "testing_123",
            "nsfw": false,
            "position": 2,
            "server_id": "983673922803347516",
            "sync_perms_with_category": true,
            "topic": "",
            "type": "text"
          },
          "sensitive_attributes": [],
          "private": "bnVsbA==",
          "dependencies": [
            "discord_category_channel.general",
            "discord_server.server"
          ]
        }
      ]
    },
    {
      "mode": "managed",
      "type": "discord_text_channel",
      "name": "welcome",
      "provider": "provider[\"registry.terraform.io/aequasi/discord\"]",
      "instances": [
        {
          "schema_version": 0,
          "attributes": {
            "category": "984530248379031562",
            "id": "984530249121415208",
            "name": "welcome",
            "nsfw": false,
            "position": 0,
            "server_id": "983673922803347516",
            "sync_perms_with_category": true,
            "topic": "",
            "type": "text"
          },
          "sensitive_attributes": [],
          "private": "bnVsbA==",
          "dependencies": [
            "discord_category_channel.general",
            "discord_server.server"
          ]
        }
      ]
    },
    {
      "module": "module.add_Thelma",
      "mode": "data",
      "type": "discord_member",
      "name": "user_by_username",
      "provider": "provider[\"registry.terraform.io/aequasi/discord\"]",
      "instances": [
        {
          "schema_version": 0,
          "attributes": {
            "avatar": "",
            "discriminator": "9330",
            "id": "733740361620652062",
            "in_server": true,
            "joined_at": "2022-06-09T18:47:03.664000+00:00",
            "nick": "",
            "premium_since": "0001-01-01T00:00:00.000000+00:00",
            "roles": [
              "984491811378704458"
            ],
            "server_id": "983673922803347516",
            "user_id": null,
            "username": "thelmaandherls"
          },
          "sensitive_attributes": []
        }
      ]
    },
    {
      "module": "module.add_Thelma",
      "mode": "managed",
      "type": "discord_member_roles",
      "name": "basic_user",
      "provider": "provider[\"registry.terraform.io/aequasi/discord\"]",
      "instances": [
        {
          "schema_version": 0,
          "attributes": {
            "id": "2465703737",
            "role": [
              {
                "has_role": true,
                "role_id": "984491811378704458"
              }
            ],
            "server_id": "983673922803347516",
            "user_id": "733740361620652062"
          },
          "sensitive_attributes": [],
          "private": "bnVsbA==",
          "dependencies": [
            "data.discord_color.marshmallow_pink",
            "data.discord_permission.basic_user",
            "discord_role.basic_user_role",
            "discord_server.server",
            "module.add_Thelma.data.discord_member.user_by_username"
          ]
        }
      ]
    },
    {
      "module": "module.add_Thelma",
      "mode": "managed",
      "type": "discord_message",
      "name": "welcome_message",
      "provider": "provider[\"registry.terraform.io/aequasi/discord\"]",
      "instances": [
        {
          "schema_version": 0,
          "attributes": {
            "author": "983690615428624394",
            "channel_id": "984530249121415208",
            "content": "",
            "edited_timestamp": "0001-01-01T00:00:00Z",
            "embed": [
              {
                "author": [],
                "color": 0,
                "description": "",
                "fields": [
                  {
                    "inline": false,
                    "name": "Username:",
                    "value": "thelmaandherls"
                  }
                ],
                "footer": [
                  {
                    "icon_url": "",
                    "text": "Say hello and have a look around!"
                  }
                ],
                "image": [],
                "provider": [],
                "thumbnail": [],
                "timestamp": "",
                "title": "Welcome to the club Thelmz!",
                "url": "",
                "video": []
              }
            ],
            "id": "984537061895848057",
            "pinned": false,
            "server_id": null,
            "timestamp": "2022-06-09T19:18:47Z",
            "tts": false,
            "type": 0
          },
          "sensitive_attributes": [],
          "private": "bnVsbA==",
          "dependencies": [
            "discord_category_channel.general",
            "discord_server.server",
            "discord_text_channel.welcome"
          ]
        }
      ]
    },
    {
      "module": "module.add_danny",
      "mode": "data",
      "type": "discord_member",
      "name": "user_by_username",
      "provider": "provider[\"registry.terraform.io/aequasi/discord\"]",
      "instances": [
        {
          "schema_version": 0,
          "attributes": {
            "avatar": "",
            "discriminator": "7363",
            "id": "489328413983899661",
            "in_server": true,
            "joined_at": "2022-06-09T18:59:14.006000+00:00",
            "nick": "",
            "premium_since": "0001-01-01T00:00:00.000000+00:00",
            "roles": [
              "984491811378704458"
            ],
            "server_id": "983673922803347516",
            "user_id": null,
            "username": "Executioner"
          },
          "sensitive_attributes": []
        }
      ]
    },
    {
      "module": "module.add_danny",
      "mode": "managed",
      "type": "discord_member_roles",
      "name": "basic_user",
      "provider": "provider[\"registry.terraform.io/aequasi/discord\"]",
      "instances": [
        {
          "schema_version": 0,
          "attributes": {
            "id": "2186144280",
            "role": [
              {
                "has_role": true,
                "role_id": "984491811378704458"
              }
            ],
            "server_id": "983673922803347516",
            "user_id": "489328413983899661"
          },
          "sensitive_attributes": [],
          "private": "bnVsbA==",
          "dependencies": [
            "data.discord_color.marshmallow_pink",
            "data.discord_permission.basic_user",
            "discord_role.basic_user_role",
            "discord_server.server",
            "module.add_danny.data.discord_member.user_by_username"
          ]
        }
      ]
    },
    {
      "module": "module.add_danny",
      "mode": "managed",
      "type": "discord_message",
      "name": "welcome_message",
      "provider": "provider[\"registry.terraform.io/aequasi/discord\"]",
      "instances": [
        {
          "schema_version": 0,
          "attributes": {
            "author": "983690615428624394",
            "channel_id": "984530249121415208",
            "content": "",
            "edited_timestamp": "0001-01-01T00:00:00Z",
            "embed": [
              {
                "author": [],
                "color": 0,
                "description": "",
                "fields": [
                  {
                    "inline": false,
                    "name": "Username:",
                    "value": "Executioner"
                  }
                ],
                "footer": [
                  {
                    "icon_url": "",
                    "text": "Say hello and have a look around!"
                  }
                ],
                "image": [],
                "provider": [],
                "thumbnail": [],
                "timestamp": "",
                "title": "Welcome to the club Daniel!",
                "url": "",
                "video": []
              }
            ],
            "id": "984540638492114994",
            "pinned": false,
            "server_id": null,
            "timestamp": "2022-06-09T19:33:00Z",
            "tts": false,
            "type": 0
          },
          "sensitive_attributes": [],
          "private": "bnVsbA==",
          "dependencies": [
            "discord_category_channel.general",
            "discord_server.server",
            "discord_text_channel.welcome"
          ]
        }
      ]
    },
    {
      "module": "module.add_jodu",
      "mode": "data",
      "type": "discord_member",
      "name": "user_by_username",
      "provider": "provider[\"registry.terraform.io/aequasi/discord\"]",
      "instances": [
        {
          "schema_version": 0,
          "attributes": {
            "avatar": "",
            "discriminator": "6606",
            "id": "984528458526904381",
            "in_server": true,
            "joined_at": "2022-06-09T18:49:02.432000+00:00",
            "nick": "",
            "premium_since": "0001-01-01T00:00:00.000000+00:00",
            "roles": [
              "984491811378704458"
            ],
            "server_id": "983673922803347516",
            "user_id": null,
            "username": "jodu"
          },
          "sensitive_attributes": []
        }
      ]
    },
    {
      "module": "module.add_jodu",
      "mode": "managed",
      "type": "discord_member_roles",
      "name": "basic_user",
      "provider": "provider[\"registry.terraform.io/aequasi/discord\"]",
      "instances": [
        {
          "schema_version": 0,
          "attributes": {
            "id": "2613935418",
            "role": [
              {
                "has_role": true,
                "role_id": "984491811378704458"
              }
            ],
            "server_id": "983673922803347516",
            "user_id": "984528458526904381"
          },
          "sensitive_attributes": [],
          "private": "bnVsbA==",
          "dependencies": [
            "data.discord_color.marshmallow_pink",
            "data.discord_permission.basic_user",
            "discord_role.basic_user_role",
            "discord_server.server",
            "module.add_jodu.data.discord_member.user_by_username"
          ]
        }
      ]
    },
    {
      "module": "module.add_jodu",
      "mode": "managed",
      "type": "discord_message",
      "name": "welcome_message",
      "provider": "provider[\"registry.terraform.io/aequasi/discord\"]",
      "instances": [
        {
          "schema_version": 0,
          "attributes": {
            "author": "983690615428624394",
            "channel_id": "984530249121415208",
            "content": "",
            "edited_timestamp": "0001-01-01T00:00:00Z",
            "embed": [
              {
                "author": [],
                "color": 0,
                "description": "",
                "fields": [
                  {
                    "inline": false,
                    "name": "Username:",
                    "value": "jodu"
                  }
                ],
                "footer": [
                  {
                    "icon_url": "",
                    "text": "Say hello and have a look around!"
                  }
                ],
                "image": [],
                "provider": [],
                "thumbnail": [],
                "timestamp": "",
                "title": "Welcome to the club jodu!",
                "url": "",
                "video": []
              }
            ],
            "id": "984533995209523252",
            "pinned": false,
            "server_id": null,
            "timestamp": "2022-06-09T19:06:36Z",
            "tts": false,
            "type": 0
          },
          "sensitive_attributes": [],
          "private": "bnVsbA==",
          "dependencies": [
            "discord_category_channel.general",
            "discord_server.server",
            "discord_text_channel.welcome"
          ]
        }
      ]
    },
    {
      "module": "module.add_kevwe",
      "mode": "data",
      "type": "discord_member",
      "name": "user_by_username",
      "provider": "provider[\"registry.terraform.io/aequasi/discord\"]",
      "instances": [
        {
          "schema_version": 0,
          "attributes": {
            "avatar": "f6c6f1d7d99743f10583ffeed6709e1d",
            "discriminator": "2211",
            "id": "361933358160412672",
            "in_server": true,
            "joined_at": "2022-06-09T18:47:40.079000+00:00",
            "nick": "",
            "premium_since": "0001-01-01T00:00:00.000000+00:00",
            "roles": [
              "984491811378704458"
            ],
            "server_id": "983673922803347516",
            "user_id": null,
            "username": "kuwotu"
          },
          "sensitive_attributes": []
        }
      ]
    },
    {
      "module": "module.add_kevwe",
      "mode": "managed",
      "type": "discord_member_roles",
      "name": "basic_user",
      "provider": "provider[\"registry.terraform.io/aequasi/discord\"]",
      "instances": [
        {
          "schema_version": 0,
          "attributes": {
            "id": "4280746859",
            "role": [
              {
                "has_role": true,
                "role_id": "984491811378704458"
              }
            ],
            "server_id": "983673922803347516",
            "user_id": "361933358160412672"
          },
          "sensitive_attributes": [],
          "private": "bnVsbA==",
          "dependencies": [
            "data.discord_color.marshmallow_pink",
            "data.discord_permission.basic_user",
            "discord_role.basic_user_role",
            "discord_server.server",
            "module.add_kevwe.data.discord_member.user_by_username"
          ]
        }
      ]
    },
    {
      "module": "module.add_kevwe",
      "mode": "managed",
      "type": "discord_message",
      "name": "welcome_message",
      "provider": "provider[\"registry.terraform.io/aequasi/discord\"]",
      "instances": [
        {
          "schema_version": 0,
          "attributes": {
            "author": "983690615428624394",
            "channel_id": "984530249121415208",
            "content": "",
            "edited_timestamp": "0001-01-01T00:00:00Z",
            "embed": [
              {
                "author": [],
                "color": 0,
                "description": "",
                "fields": [
                  {
                    "inline": false,
                    "name": "Username:",
                    "value": "kuwotu"
                  }
                ],
                "footer": [
                  {
                    "icon_url": "",
                    "text": "Say hello and have a look around!"
                  }
                ],
                "image": [],
                "provider": [],
                "thumbnail": [],
                "timestamp": "",
                "title": "Welcome to the club Kevwe!",
                "url": "",
                "video": []
              }
            ],
            "id": "984540637707763802",
            "pinned": false,
            "server_id": null,
            "timestamp": "2022-06-09T19:32:59Z",
            "tts": false,
            "type": 0
          },
          "sensitive_attributes": [],
          "private": "bnVsbA==",
          "dependencies": [
            "discord_category_channel.general",
            "discord_server.server",
            "discord_text_channel.welcome"
          ]
        }
      ]
    },
    {
      "module": "module.add_rudi",
      "mode": "data",
      "type": "discord_member",
      "name": "user_by_username",
      "provider": "provider[\"registry.terraform.io/aequasi/discord\"]",
      "instances": [
        {
          "schema_version": 0,
          "attributes": {
            "avatar": "fa9aaaa0b608a685f93e484f1eba8aa2",
            "discriminator": "5243",
            "id": "334405573523144706",
            "in_server": true,
            "joined_at": "2022-06-09T18:52:53.045000+00:00",
            "nick": "",
            "premium_since": "0001-01-01T00:00:00.000000+00:00",
            "roles": [
              "984491811378704458"
            ],
            "server_id": "983673922803347516",
            "user_id": null,
            "username": "Rudi"
          },
          "sensitive_attributes": []
        }
      ]
    },
    {
      "module": "module.add_rudi",
      "mode": "managed",
      "type": "discord_member_roles",
      "name": "basic_user",
      "provider": "provider[\"registry.terraform.io/aequasi/discord\"]",
      "instances": [
        {
          "schema_version": 0,
          "attributes": {
            "id": "34431408",
            "role": [
              {
                "has_role": true,
                "role_id": "984491811378704458"
              }
            ],
            "server_id": "983673922803347516",
            "user_id": "334405573523144706"
          },
          "sensitive_attributes": [],
          "private": "bnVsbA==",
          "dependencies": [
            "data.discord_color.marshmallow_pink",
            "data.discord_permission.basic_user",
            "discord_role.basic_user_role",
            "discord_server.server",
            "module.add_rudi.data.discord_member.user_by_username"
          ]
        }
      ]
    },
    {
      "module": "module.add_rudi",
      "mode": "managed",
      "type": "discord_message",
      "name": "welcome_message",
      "provider": "provider[\"registry.terraform.io/aequasi/discord\"]",
      "instances": [
        {
          "schema_version": 0,
          "attributes": {
            "author": "983690615428624394",
            "channel_id": "984530249121415208",
            "content": "",
            "edited_timestamp": "0001-01-01T00:00:00Z",
            "embed": [
              {
                "author": [],
                "color": 0,
                "description": "",
                "fields": [
                  {
                    "inline": false,
                    "name": "Username:",
                    "value": "Rudi"
                  }
                ],
                "footer": [
                  {
                    "icon_url": "",
                    "text": "Say hello and have a look around!"
                  }
                ],
                "image": [],
                "provider": [],
                "thumbnail": [],
                "timestamp": "",
                "title": "Welcome to the club Rudi!",
                "url": "",
                "video": []
              }
            ],
            "id": "984536026787741726",
            "pinned": false,
            "server_id": null,
            "timestamp": "2022-06-09T19:14:40Z",
            "tts": false,
            "type": 0
          },
          "sensitive_attributes": [],
          "private": "bnVsbA==",
          "dependencies": [
            "discord_category_channel.general",
            "discord_server.server",
            "discord_text_channel.welcome"
          ]
        }
      ]
    },
    {
      "module": "module.add_xenofon",
      "mode": "data",
      "type": "discord_member",
      "name": "user_by_username",
      "provider": "provider[\"registry.terraform.io/aequasi/discord\"]",
      "instances": [
        {
          "schema_version": 0,
          "attributes": {
            "avatar": "6ee753ea6a3017e028c737741df89d90",
            "discriminator": "3252",
            "id": "691726339417440338",
            "in_server": true,
            "joined_at": "2022-06-09T18:47:39.551000+00:00",
            "nick": "",
            "premium_since": "0001-01-01T00:00:00.000000+00:00",
            "roles": [
              "984491811378704458"
            ],
            "server_id": "983673922803347516",
            "user_id": null,
            "username": "Adepali"
          },
          "sensitive_attributes": []
        }
      ]
    },
    {
      "module": "module.add_xenofon",
      "mode": "managed",
      "type": "discord_member_roles",
      "name": "basic_user",
      "provider": "provider[\"registry.terraform.io/aequasi/discord\"]",
      "instances": [
        {
          "schema_version": 0,
          "attributes": {
            "id": "3524616678",
            "role": [
              {
                "has_role": true,
                "role_id": "984491811378704458"
              }
            ],
            "server_id": "983673922803347516",
            "user_id": "691726339417440338"
          },
          "sensitive_attributes": [],
          "private": "bnVsbA==",
          "dependencies": [
            "data.discord_color.marshmallow_pink",
            "data.discord_permission.basic_user",
            "discord_role.basic_user_role",
            "discord_server.server",
            "module.add_xenofon.data.discord_member.user_by_username"
          ]
        }
      ]
    },
    {
      "module": "module.add_xenofon",
      "mode": "managed",
      "type": "discord_message",
      "name": "welcome_message",
      "provider": "provider[\"registry.terraform.io/aequasi/discord\"]",
      "instances": [
        {
          "schema_version": 0,
          "attributes": {
            "author": "983690615428624394",
            "channel_id": "984530249121415208",
            "content": "",
            "edited_timestamp": "0001-01-01T00:00:00Z",
            "embed": [
              {
                "author": [],
                "color": 0,
                "description": "",
                "fields": [
                  {
                    "inline": false,
                    "name": "Username:",
                    "value": "Adepali"
                  }
                ],
                "footer": [
                  {
                    "icon_url": "",
                    "text": "Say hello and have a look around!"
                  }
                ],
                "image": [],
                "provider": [],
                "thumbnail": [],
                "timestamp": "",
                "title": "Welcome to the club Xenofon!",
                "url": "",
                "video": []
              }
            ],
            "id": "984535400720777236",
            "pinned": false,
            "server_id": null,
            "timestamp": "2022-06-09T19:12:11Z",
            "tts": false,
            "type": 0
          },
          "sensitive_attributes": [],
          "private": "bnVsbA==",
          "dependencies": [
            "discord_category_channel.general",
            "discord_server.server",
            "discord_text_channel.welcome"
          ]
        }
      ]
    }
  ]
}
