{
  "version": 4,
  "terraform_version": "1.0.6",
  "serial": 87,
  "lineage": "2a3892ba-9ab4-e33e-aa06-b07d0226557c",
  "outputs": {},
  "resources": [
    {
      "mode": "data",
      "type": "discord_member",
      "name": "charlie",
      "provider": "provider[\"registry.terraform.io/aequasi/discord\"]",
      "instances": [
        {
          "schema_version": 0,
          "attributes": {
            "avatar": "",
            "discriminator": "9717",
            "id": "167415473548427264",
            "in_server": true,
            "joined_at": "2022-06-07T13:39:22.718000+00:00",
            "nick": "",
            "premium_since": "0001-01-01T00:00:00.000000+00:00",
            "roles": [
              "983722915637887046"
            ],
            "server_id": "983673922803347516",
            "user_id": null,
            "username": "Bspammer"
          },
          "sensitive_attributes": []
        }
      ]
    },
    {
      "mode": "managed",
      "type": "discord_category_channel",
      "name": "general",
      "provider": "provider[\"registry.terraform.io/aequasi/discord\"]",
      "instances": [
        {
          "schema_version": 0,
          "attributes": {
            "id": "983732031253020672",
            "name": "general",
            "position": 1,
            "server_id": "983673922803347516",
            "type": "category"
          },
          "sensitive_attributes": [],
          "private": "bnVsbA==",
          "dependencies": [
            "discord_server.server"
          ]
        }
      ]
    },
    {
      "mode": "managed",
      "type": "discord_member_roles",
      "name": "charlie_role",
      "provider": "provider[\"registry.terraform.io/aequasi/discord\"]",
      "instances": [
        {
          "schema_version": 0,
          "attributes": {
            "id": "1809477013",
            "role": [
              {
                "has_role": true,
                "role_id": "983722915637887046"
              }
            ],
            "server_id": "983673922803347516",
            "user_id": "167415473548427264"
          },
          "sensitive_attributes": [],
          "private": "bnVsbA==",
          "dependencies": [
            "data.discord_member.charlie",
            "discord_role.moderator",
            "discord_server.server"
          ]
        }
      ]
    },
    {
      "mode": "managed",
      "type": "discord_member_roles",
      "name": "heather_role",
      "provider": "provider[\"registry.terraform.io/aequasi/discord\"]",
      "instances": [
        {
          "schema_version": 0,
          "attributes": {
            "id": "2680049056",
            "role": [
              {
                "has_role": true,
                "role_id": "983722915637887046"
              }
            ],
            "server_id": "983673922803347516",
            "user_id": "715998859616190464"
          },
          "sensitive_attributes": [],
          "private": "bnVsbA==",
          "dependencies": [
            "discord_role.moderator",
            "discord_server.server"
          ]
        }
      ]
    },
    {
      "mode": "managed",
      "type": "discord_role",
      "name": "moderator",
      "provider": "provider[\"registry.terraform.io/aequasi/discord\"]",
      "instances": [
        {
          "schema_version": 0,
          "attributes": {
            "color": 0,
            "hoist": false,
            "id": "983722915637887046",
            "managed": false,
            "mentionable": false,
            "name": "Moderator",
            "permissions": 0,
            "position": 1,
            "server_id": "983673922803347516"
          },
          "sensitive_attributes": [],
          "private": "bnVsbA==",
          "dependencies": [
            "discord_server.server"
          ]
        }
      ]
    },
    {
      "mode": "managed",
      "type": "discord_server",
      "name": "server",
      "provider": "provider[\"registry.terraform.io/aequasi/discord\"]",
      "instances": [
        {
          "schema_version": 0,
          "attributes": {
            "afk_channel_id": null,
            "afk_timeout": 300,
            "default_message_notifications": 0,
            "explicit_content_filter": 1,
            "icon_data_uri": null,
            "icon_hash": "62b6b10c498f15b15122c7320483dafb",
            "icon_url": null,
            "id": "983673922803347516",
            "name": "Marshmallow!",
            "owner_id": null,
            "region": "us-south",
            "server_id": null,
            "splash_data_uri": null,
            "splash_hash": "",
            "splash_url": null,
            "system_channel_id": null,
            "verification_level": 0
          },
          "sensitive_attributes": [],
          "private": "bnVsbA=="
        }
      ]
    },
    {
      "mode": "managed",
      "type": "discord_text_channel",
      "name": "welcome",
      "provider": "provider[\"registry.terraform.io/aequasi/discord\"]",
      "instances": [
        {
          "schema_version": 0,
          "attributes": {
            "category": "983732031253020672",
            "id": "983732759338037318",
            "name": "welcome",
            "nsfw": false,
            "position": 0,
            "server_id": "983673922803347516",
            "sync_perms_with_category": true,
            "topic": null,
            "type": "text"
          },
          "sensitive_attributes": [],
          "private": "bnVsbA==",
          "dependencies": [
            "discord_category_channel.general",
            "discord_server.server"
          ]
        }
      ]
    }
  ]
}
