{
  "version": 4,
  "terraform_version": "1.1.5",
  "serial": 45,
  "lineage": "2a3892ba-9ab4-e33e-aa06-b07d0226557c",
  "outputs": {},
  "resources": [
    {
      "mode": "managed",
      "type": "discord_server",
      "name": "server",
      "provider": "provider[\"registry.terraform.io/aequasi/discord\"]",
      "instances": [
        {
          "schema_version": 0,
          "attributes": {
            "afk_channel_id": null,
            "afk_timeout": 300,
            "default_message_notifications": 0,
            "explicit_content_filter": 0,
            "icon_data_uri": null,
            "icon_hash": "62b6b10c498f15b15122c7320483dafb",
            "icon_url": null,
            "id": "983673922803347516",
            "name": "Marshmallow hello!",
            "owner_id": null,
            "region": "us-south",
            "server_id": null,
            "splash_data_uri": null,
            "splash_hash": "",
            "splash_url": null,
            "system_channel_id": null,
            "verification_level": 0
          },
          "sensitive_attributes": [],
          "private": "bnVsbA=="
        }
      ]
    }
  ]
}
